
Microsoft Visual Studio Solution File, Format Version 12.00
# Visual Studio Version 16
VisualStudioVersion = 16.0.29519.87
MinimumVisualStudioVersion = 10.0.40219.1
Project("{FAE04EC0-301F-11D3-BF4B-00C04F79EFBC}") = "CaCovid", "CaCovid.csproj", "{6DCF53B2-064C-401B-A29F-F7BB9937AAE2}"
	ProjectSection(ProjectDependencies) = postProject
		{B6915BF7-DBA4-4585-A5B0-314F50EC25A5} = {B6915BF7-DBA4-4585-A5B0-314F50EC25A5}
	EndProjectSection
EndProject
Project("{FAE04EC0-301F-11D3-BF4B-00C04F79EFBC}") = "WebServiceCovid", "..\WebServiceCovid\WebServiceCovid\WebServiceCovid.csproj", "{B6915BF7-DBA4-4585-A5B0-314F50EC25A5}"
EndProject
Global
	GlobalSection(SolutionConfigurationPlatforms) = preSolution
		Debug|Any CPU = Debug|Any CPU
		Release|Any CPU = Release|Any CPU
	EndGlobalSection
	GlobalSection(ProjectConfigurationPlatforms) = postSolution
		{6DCF53B2-064C-401B-A29F-F7BB9937AAE2}.Debug|Any CPU.ActiveCfg = Debug|Any CPU
		{6DCF53B2-064C-401B-A29F-F7BB9937AAE2}.Debug|Any CPU.Build.0 = Debug|Any CPU
		{6DCF53B2-064C-401B-A29F-F7BB9937AAE2}.Release|Any CPU.ActiveCfg = Release|Any CPU
		{6DCF53B2-064C-401B-A29F-F7BB9937AAE2}.Release|Any CPU.Build.0 = Release|Any CPU
		{B6915BF7-DBA4-4585-A5B0-314F50EC25A5}.Debug|Any CPU.ActiveCfg = Debug|Any CPU
		{B6915BF7-DBA4-4585-A5B0-314F50EC25A5}.Debug|Any CPU.Build.0 = Debug|Any CPU
		{B6915BF7-DBA4-4585-A5B0-314F50EC25A5}.Release|Any CPU.ActiveCfg = Release|Any CPU
		{B6915BF7-DBA4-4585-A5B0-314F50EC25A5}.Release|Any CPU.Build.0 = Release|Any CPU
	EndGlobalSection
	GlobalSection(SolutionProperties) = preSolution
		HideSolutionNode = FALSE
	EndGlobalSection
	GlobalSection(ExtensibilityGlobals) = postSolution
		SolutionGuid = {FA1CCFBA-1164-417A-8BC9-88D9B2F4CDB3}
	EndGlobalSection
EndGlobal
